
Microsoft Visual Studio Solution File, Format Version 12.00
# Visual Studio 15
VisualStudioVersion = 15.0.26730.15
MinimumVisualStudioVersion = 10.0.40219.1
Project("{FAE04EC0-301F-11D3-BF4B-00C04F79EFBC}") = "ControllerSDM", "ControllerSDM\ControllerSDM.csproj", "{4C51D470-8E53-4FB8-B053-876749CA2594}"
EndProject
Global
	GlobalSection(SolutionConfigurationPlatforms) = preSolution
		Debug|Any CPU = Debug|Any CPU
		Release|Any CPU = Release|Any CPU
	EndGlobalSection
	GlobalSection(ProjectConfigurationPlatforms) = postSolution
		{4C51D470-8E53-4FB8-B053-876749CA2594}.Debug|Any CPU.ActiveCfg = Debug|Any CPU
		{4C51D470-8E53-4FB8-B053-876749CA2594}.Debug|Any CPU.Build.0 = Debug|Any CPU
		{4C51D470-8E53-4FB8-B053-876749CA2594}.Release|Any CPU.ActiveCfg = Release|Any CPU
		{4C51D470-8E53-4FB8-B053-876749CA2594}.Release|Any CPU.Build.0 = Release|Any CPU
	EndGlobalSection
	GlobalSection(SolutionProperties) = preSolution
		HideSolutionNode = FALSE
	EndGlobalSection
	GlobalSection(ExtensibilityGlobals) = postSolution
		SolutionGuid = {A3E9EBBE-E523-47F8-8D2D-2970E2F879F1}
	EndGlobalSection
EndGlobal
